// !$*UTF8*$!
{
	archiveVersion = 1;
	classes = {
	};
	objectVersion = 46;
	objects = {

/* Begin PBXBuildFile section */
		08AC0883A1F3FF46FAD5E5CB /* Pods_TravelerDemoApp.framework in Frameworks */ = {isa = PBXBuildFile; fileRef = AA37BD8F9B4F77D606B7A26D /* Pods_TravelerDemoApp.framework */; };
		1E640413A1BB39217C976F2F /* Pods_TravelerDemoAppUITests.framework in Frameworks */ = {isa = PBXBuildFile; fileRef = A71A2BE8EAADF8ABB4170884 /* Pods_TravelerDemoAppUITests.framework */; };
		E3D9C43D8A95F6EF731B735C /* Pods_TravelerDemoAppTests.framework in Frameworks */ = {isa = PBXBuildFile; fileRef = FC39E2AE17FCA62A9718D6E9 /* Pods_TravelerDemoAppTests.framework */; };
		E9194EFD1F3246ED000321CC /* Resources.swift in Sources */ = {isa = PBXBuildFile; fileRef = E9194EFC1F3246ED000321CC /* Resources.swift */; };
		E9194EFF1F326957000321CC /* CityModel.swift in Sources */ = {isa = PBXBuildFile; fileRef = E9194EFE1F326957000321CC /* CityModel.swift */; };
		E95D7CAC1F3183270031700A /* AppDelegate.swift in Sources */ = {isa = PBXBuildFile; fileRef = E95D7CAB1F3183270031700A /* AppDelegate.swift */; };
		E95D7CB11F3183270031700A /* Main.storyboard in Resources */ = {isa = PBXBuildFile; fileRef = E95D7CAF1F3183270031700A /* Main.storyboard */; };
		E95D7CB41F3183270031700A /* TravelerDemoApp.xcdatamodeld in Sources */ = {isa = PBXBuildFile; fileRef = E95D7CB21F3183270031700A /* TravelerDemoApp.xcdatamodeld */; };
		E95D7CB61F3183270031700A /* Assets.xcassets in Resources */ = {isa = PBXBuildFile; fileRef = E95D7CB51F3183270031700A /* Assets.xcassets */; };
		E95D7CB91F3183270031700A /* LaunchScreen.storyboard in Resources */ = {isa = PBXBuildFile; fileRef = E95D7CB71F3183270031700A /* LaunchScreen.storyboard */; };
		E95D7CC41F3183270031700A /* TravelerDemoAppTests.swift in Sources */ = {isa = PBXBuildFile; fileRef = E95D7CC31F3183270031700A /* TravelerDemoAppTests.swift */; };
		E95D7CCF1F3183270031700A /* TravelerDemoAppUITests.swift in Sources */ = {isa = PBXBuildFile; fileRef = E95D7CCE1F3183270031700A /* TravelerDemoAppUITests.swift */; };
		E95D7CDD1F3184020031700A /* NavBarView.swift in Sources */ = {isa = PBXBuildFile; fileRef = E95D7CDC1F3184020031700A /* NavBarView.swift */; };
		E95D7CDF1F3188810031700A /* UIExtensions.swift in Sources */ = {isa = PBXBuildFile; fileRef = E95D7CDE1F3188810031700A /* UIExtensions.swift */; };
		E95D7CE11F318A7C0031700A /* CityCollectionViewController.swift in Sources */ = {isa = PBXBuildFile; fileRef = E95D7CE01F318A7C0031700A /* CityCollectionViewController.swift */; };
		E95D7CE31F318AC40031700A /* CityViewCell.swift in Sources */ = {isa = PBXBuildFile; fileRef = E95D7CE21F318AC40031700A /* CityViewCell.swift */; };
/* End PBXBuildFile section */

/* Begin PBXContainerItemProxy section */
		E95D7CC01F3183270031700A /* PBXContainerItemProxy */ = {
			isa = PBXContainerItemProxy;
			containerPortal = E95D7CA01F3183270031700A /* Project object */;
			proxyType = 1;
			remoteGlobalIDString = E95D7CA71F3183270031700A;
			remoteInfo = TravelerDemoApp;
		};
		E95D7CCB1F3183270031700A /* PBXContainerItemProxy */ = {
			isa = PBXContainerItemProxy;
			containerPortal = E95D7CA01F3183270031700A /* Project object */;
			proxyType = 1;
			remoteGlobalIDString = E95D7CA71F3183270031700A;
			remoteInfo = TravelerDemoApp;
		};
/* End PBXContainerItemProxy section */

/* Begin PBXFileReference section */
		05C52AF9A307929C733A8FE0 /* Pods-TravelerDemoAppUITests.debug.xcconfig */ = {isa = PBXFileReference; includeInIndex = 1; lastKnownFileType = text.xcconfig; name = "Pods-TravelerDemoAppUITests.debug.xcconfig"; path = "Pods/Target Support Files/Pods-TravelerDemoAppUITests/Pods-TravelerDemoAppUITests.debug.xcconfig"; sourceTree = "<group>"; };
		3B39D2D35806F9ED9E1005C4 /* Pods-TravelerDemoAppTests.release.xcconfig */ = {isa = PBXFileReference; includeInIndex = 1; lastKnownFileType = text.xcconfig; name = "Pods-TravelerDemoAppTests.release.xcconfig"; path = "Pods/Target Support Files/Pods-TravelerDemoAppTests/Pods-TravelerDemoAppTests.release.xcconfig"; sourceTree = "<group>"; };
		708F22E7477FD1A408E7D620 /* Pods-TravelerDemoAppUITests.release.xcconfig */ = {isa = PBXFileReference; includeInIndex = 1; lastKnownFileType = text.xcconfig; name = "Pods-TravelerDemoAppUITests.release.xcconfig"; path = "Pods/Target Support Files/Pods-TravelerDemoAppUITests/Pods-TravelerDemoAppUITests.release.xcconfig"; sourceTree = "<group>"; };
		99E115D98BCF5250AB546CD9 /* Pods-TravelerDemoAppTests.debug.xcconfig */ = {isa = PBXFileReference; includeInIndex = 1; lastKnownFileType = text.xcconfig; name = "Pods-TravelerDemoAppTests.debug.xcconfig"; path = "Pods/Target Support Files/Pods-TravelerDemoAppTests/Pods-TravelerDemoAppTests.debug.xcconfig"; sourceTree = "<group>"; };
		A71A2BE8EAADF8ABB4170884 /* Pods_TravelerDemoAppUITests.framework */ = {isa = PBXFileReference; explicitFileType = wrapper.framework; includeInIndex = 0; path = Pods_TravelerDemoAppUITests.framework; sourceTree = BUILT_PRODUCTS_DIR; };
		AA37BD8F9B4F77D606B7A26D /* Pods_TravelerDemoApp.framework */ = {isa = PBXFileReference; explicitFileType = wrapper.framework; includeInIndex = 0; path = Pods_TravelerDemoApp.framework; sourceTree = BUILT_PRODUCTS_DIR; };
		ADD1468E8B50B6636C64CCAF /* Pods-TravelerDemoApp.release.xcconfig */ = {isa = PBXFileReference; includeInIndex = 1; lastKnownFileType = text.xcconfig; name = "Pods-TravelerDemoApp.release.xcconfig"; path = "Pods/Target Support Files/Pods-TravelerDemoApp/Pods-TravelerDemoApp.release.xcconfig"; sourceTree = "<group>"; };
		E7F8D81E1F7E13FF187FE9E4 /* Pods-TravelerDemoApp.debug.xcconfig */ = {isa = PBXFileReference; includeInIndex = 1; lastKnownFileType = text.xcconfig; name = "Pods-TravelerDemoApp.debug.xcconfig"; path = "Pods/Target Support Files/Pods-TravelerDemoApp/Pods-TravelerDemoApp.debug.xcconfig"; sourceTree = "<group>"; };
		E9194EFC1F3246ED000321CC /* Resources.swift */ = {isa = PBXFileReference; fileEncoding = 4; lastKnownFileType = sourcecode.swift; path = Resources.swift; sourceTree = "<group>"; };
		E9194EFE1F326957000321CC /* CityModel.swift */ = {isa = PBXFileReference; fileEncoding = 4; lastKnownFileType = sourcecode.swift; path = CityModel.swift; sourceTree = "<group>"; };
		E95D7CA81F3183270031700A /* TravelerDemoApp.app */ = {isa = PBXFileReference; explicitFileType = wrapper.application; includeInIndex = 0; path = TravelerDemoApp.app; sourceTree = BUILT_PRODUCTS_DIR; };
		E95D7CAB1F3183270031700A /* AppDelegate.swift */ = {isa = PBXFileReference; lastKnownFileType = sourcecode.swift; path = AppDelegate.swift; sourceTree = "<group>"; };
		E95D7CB01F3183270031700A /* Base */ = {isa = PBXFileReference; lastKnownFileType = file.storyboard; name = Base; path = Base.lproj/Main.storyboard; sourceTree = "<group>"; };
		E95D7CB31F3183270031700A /* TravelerDemoApp.xcdatamodel */ = {isa = PBXFileReference; lastKnownFileType = wrapper.xcdatamodel; path = TravelerDemoApp.xcdatamodel; sourceTree = "<group>"; };
		E95D7CB51F3183270031700A /* Assets.xcassets */ = {isa = PBXFileReference; lastKnownFileType = folder.assetcatalog; path = Assets.xcassets; sourceTree = "<group>"; };
		E95D7CB81F3183270031700A /* Base */ = {isa = PBXFileReference; lastKnownFileType = file.storyboard; name = Base; path = Base.lproj/LaunchScreen.storyboard; sourceTree = "<group>"; };
		E95D7CBA1F3183270031700A /* Info.plist */ = {isa = PBXFileReference; lastKnownFileType = text.plist.xml; path = Info.plist; sourceTree = "<group>"; };
		E95D7CBF1F3183270031700A /* TravelerDemoAppTests.xctest */ = {isa = PBXFileReference; explicitFileType = wrapper.cfbundle; includeInIndex = 0; path = TravelerDemoAppTests.xctest; sourceTree = BUILT_PRODUCTS_DIR; };
		E95D7CC31F3183270031700A /* TravelerDemoAppTests.swift */ = {isa = PBXFileReference; lastKnownFileType = sourcecode.swift; path = TravelerDemoAppTests.swift; sourceTree = "<group>"; };
		E95D7CC51F3183270031700A /* Info.plist */ = {isa = PBXFileReference; lastKnownFileType = text.plist.xml; path = Info.plist; sourceTree = "<group>"; };
		E95D7CCA1F3183270031700A /* TravelerDemoAppUITests.xctest */ = {isa = PBXFileReference; explicitFileType = wrapper.cfbundle; includeInIndex = 0; path = TravelerDemoAppUITests.xctest; sourceTree = BUILT_PRODUCTS_DIR; };
		E95D7CCE1F3183270031700A /* TravelerDemoAppUITests.swift */ = {isa = PBXFileReference; lastKnownFileType = sourcecode.swift; path = TravelerDemoAppUITests.swift; sourceTree = "<group>"; };
		E95D7CD01F3183270031700A /* Info.plist */ = {isa = PBXFileReference; lastKnownFileType = text.plist.xml; path = Info.plist; sourceTree = "<group>"; };
		E95D7CDC1F3184020031700A /* NavBarView.swift */ = {isa = PBXFileReference; fileEncoding = 4; lastKnownFileType = sourcecode.swift; path = NavBarView.swift; sourceTree = "<group>"; };
		E95D7CDE1F3188810031700A /* UIExtensions.swift */ = {isa = PBXFileReference; fileEncoding = 4; lastKnownFileType = sourcecode.swift; path = UIExtensions.swift; sourceTree = "<group>"; };
		E95D7CE01F318A7C0031700A /* CityCollectionViewController.swift */ = {isa = PBXFileReference; fileEncoding = 4; lastKnownFileType = sourcecode.swift; path = CityCollectionViewController.swift; sourceTree = "<group>"; };
		E95D7CE21F318AC40031700A /* CityViewCell.swift */ = {isa = PBXFileReference; fileEncoding = 4; lastKnownFileType = sourcecode.swift; path = CityViewCell.swift; sourceTree = "<group>"; };
		FC39E2AE17FCA62A9718D6E9 /* Pods_TravelerDemoAppTests.framework */ = {isa = PBXFileReference; explicitFileType = wrapper.framework; includeInIndex = 0; path = Pods_TravelerDemoAppTests.framework; sourceTree = BUILT_PRODUCTS_DIR; };
/* End PBXFileReference section */

/* Begin PBXFrameworksBuildPhase section */
		E95D7CA51F3183270031700A /* Frameworks */ = {
			isa = PBXFrameworksBuildPhase;
			buildActionMask = 2147483647;
			files = (
				08AC0883A1F3FF46FAD5E5CB /* Pods_TravelerDemoApp.framework in Frameworks */,
			);
			runOnlyForDeploymentPostprocessing = 0;
		};
		E95D7CBC1F3183270031700A /* Frameworks */ = {
			isa = PBXFrameworksBuildPhase;
			buildActionMask = 2147483647;
			files = (
				E3D9C43D8A95F6EF731B735C /* Pods_TravelerDemoAppTests.framework in Frameworks */,
			);
			runOnlyForDeploymentPostprocessing = 0;
		};
		E95D7CC71F3183270031700A /* Frameworks */ = {
			isa = PBXFrameworksBuildPhase;
			buildActionMask = 2147483647;
			files = (
				1E640413A1BB39217C976F2F /* Pods_TravelerDemoAppUITests.framework in Frameworks */,
			);
			runOnlyForDeploymentPostprocessing = 0;
		};
/* End PBXFrameworksBuildPhase section */

/* Begin PBXGroup section */
		0378B976883CDE8B01100A87 /* Frameworks */ = {
			isa = PBXGroup;
			children = (
				AA37BD8F9B4F77D606B7A26D /* Pods_TravelerDemoApp.framework */,
				FC39E2AE17FCA62A9718D6E9 /* Pods_TravelerDemoAppTests.framework */,
				A71A2BE8EAADF8ABB4170884 /* Pods_TravelerDemoAppUITests.framework */,
			);
			name = Frameworks;
			sourceTree = "<group>";
		};
		0A3CA11FB669471D3083F6C9 /* Pods */ = {
			isa = PBXGroup;
			children = (
				E7F8D81E1F7E13FF187FE9E4 /* Pods-TravelerDemoApp.debug.xcconfig */,
				ADD1468E8B50B6636C64CCAF /* Pods-TravelerDemoApp.release.xcconfig */,
				99E115D98BCF5250AB546CD9 /* Pods-TravelerDemoAppTests.debug.xcconfig */,
				3B39D2D35806F9ED9E1005C4 /* Pods-TravelerDemoAppTests.release.xcconfig */,
				05C52AF9A307929C733A8FE0 /* Pods-TravelerDemoAppUITests.debug.xcconfig */,
				708F22E7477FD1A408E7D620 /* Pods-TravelerDemoAppUITests.release.xcconfig */,
			);
			name = Pods;
			sourceTree = "<group>";
		};
		E95D7C9F1F3183270031700A = {
			isa = PBXGroup;
			children = (
				E95D7CAA1F3183270031700A /* TravelerDemoApp */,
				E95D7CC21F3183270031700A /* TravelerDemoAppTests */,
				E95D7CCD1F3183270031700A /* TravelerDemoAppUITests */,
				E95D7CA91F3183270031700A /* Products */,
				0A3CA11FB669471D3083F6C9 /* Pods */,
				0378B976883CDE8B01100A87 /* Frameworks */,
			);
			sourceTree = "<group>";
		};
		E95D7CA91F3183270031700A /* Products */ = {
			isa = PBXGroup;
			children = (
				E95D7CA81F3183270031700A /* TravelerDemoApp.app */,
				E95D7CBF1F3183270031700A /* TravelerDemoAppTests.xctest */,
				E95D7CCA1F3183270031700A /* TravelerDemoAppUITests.xctest */,
			);
			name = Products;
			sourceTree = "<group>";
		};
		E95D7CAA1F3183270031700A /* TravelerDemoApp */ = {
			isa = PBXGroup;
			children = (
				E95D7CB51F3183270031700A /* Assets.xcassets */,
				E95D7CDE1F3188810031700A /* UIExtensions.swift */,
				E95D7CE01F318A7C0031700A /* CityCollectionViewController.swift */,
				E95D7CE21F318AC40031700A /* CityViewCell.swift */,
				E95D7CBA1F3183270031700A /* Info.plist */,
				E95D7CAB1F3183270031700A /* AppDelegate.swift */,
				E95D7CB21F3183270031700A /* TravelerDemoApp.xcdatamodeld */,
				E95D7CAF1F3183270031700A /* Main.storyboard */,
				E95D7CB71F3183270031700A /* LaunchScreen.storyboard */,
				E95D7CDC1F3184020031700A /* NavBarView.swift */,
				E9194EFC1F3246ED000321CC /* Resources.swift */,
				E9194EFE1F326957000321CC /* CityModel.swift */,
			);
			path = TravelerDemoApp;
			sourceTree = "<group>";
		};
		E95D7CC21F3183270031700A /* TravelerDemoAppTests */ = {
			isa = PBXGroup;
			children = (
				E95D7CC31F3183270031700A /* TravelerDemoAppTests.swift */,
				E95D7CC51F3183270031700A /* Info.plist */,
			);
			path = TravelerDemoAppTests;
			sourceTree = "<group>";
		};
		E95D7CCD1F3183270031700A /* TravelerDemoAppUITests */ = {
			isa = PBXGroup;
			children = (
				E95D7CCE1F3183270031700A /* TravelerDemoAppUITests.swift */,
				E95D7CD01F3183270031700A /* Info.plist */,
			);
			path = TravelerDemoAppUITests;
			sourceTree = "<group>";
		};
/* End PBXGroup section */

/* Begin PBXNativeTarget section */
		E95D7CA71F3183270031700A /* TravelerDemoApp */ = {
			isa = PBXNativeTarget;
			buildConfigurationList = E95D7CD31F3183270031700A /* Build configuration list for PBXNativeTarget "TravelerDemoApp" */;
			buildPhases = (
				C98414CACBF5CBDD9A3659A6 /* [CP] Check Pods Manifest.lock */,
				E95D7CA41F3183270031700A /* Sources */,
				E95D7CA51F3183270031700A /* Frameworks */,
				E95D7CA61F3183270031700A /* Resources */,
				5DDB2E3E9A0EA7EB70677229 /* [CP] Embed Pods Frameworks */,
				E5DA7CE118D999273196D3BE /* [CP] Copy Pods Resources */,
			);
			buildRules = (
			);
			dependencies = (
			);
			name = TravelerDemoApp;
			productName = TravelerDemoApp;
			productReference = E95D7CA81F3183270031700A /* TravelerDemoApp.app */;
			productType = "com.apple.product-type.application";
		};
		E95D7CBE1F3183270031700A /* TravelerDemoAppTests */ = {
			isa = PBXNativeTarget;
			buildConfigurationList = E95D7CD61F3183270031700A /* Build configuration list for PBXNativeTarget "TravelerDemoAppTests" */;
			buildPhases = (
				D51D7BD29917399C0CA40BF0 /* [CP] Check Pods Manifest.lock */,
				E95D7CBB1F3183270031700A /* Sources */,
				E95D7CBC1F3183270031700A /* Frameworks */,
				E95D7CBD1F3183270031700A /* Resources */,
				DCB049B7ECB13B22A32F075D /* [CP] Embed Pods Frameworks */,
				F2B88E5F7DC0C57F747B2193 /* [CP] Copy Pods Resources */,
			);
			buildRules = (
			);
			dependencies = (
				E95D7CC11F3183270031700A /* PBXTargetDependency */,
			);
			name = TravelerDemoAppTests;
			productName = TravelerDemoAppTests;
			productReference = E95D7CBF1F3183270031700A /* TravelerDemoAppTests.xctest */;
			productType = "com.apple.product-type.bundle.unit-test";
		};
		E95D7CC91F3183270031700A /* TravelerDemoAppUITests */ = {
			isa = PBXNativeTarget;
			buildConfigurationList = E95D7CD91F3183270031700A /* Build configuration list for PBXNativeTarget "TravelerDemoAppUITests" */;
			buildPhases = (
				24AB99E6964F15ED43BF17C4 /* [CP] Check Pods Manifest.lock */,
				E95D7CC61F3183270031700A /* Sources */,
				E95D7CC71F3183270031700A /* Frameworks */,
				E95D7CC81F3183270031700A /* Resources */,
				C134240A407E647C55C50916 /* [CP] Embed Pods Frameworks */,
				56A1B4B23BC2CC25DC75DA38 /* [CP] Copy Pods Resources */,
			);
			buildRules = (
			);
			dependencies = (
				E95D7CCC1F3183270031700A /* PBXTargetDependency */,
			);
			name = TravelerDemoAppUITests;
			productName = TravelerDemoAppUITests;
			productReference = E95D7CCA1F3183270031700A /* TravelerDemoAppUITests.xctest */;
			productType = "com.apple.product-type.bundle.ui-testing";
		};
/* End PBXNativeTarget section */

/* Begin PBXProject section */
		E95D7CA01F3183270031700A /* Project object */ = {
			isa = PBXProject;
			attributes = {
				LastSwiftUpdateCheck = 0830;
				LastUpgradeCheck = 0830;
				ORGANIZATIONNAME = "Caitlin Marie Sweeney";
				TargetAttributes = {
					E95D7CA71F3183270031700A = {
						CreatedOnToolsVersion = 8.3.3;
						DevelopmentTeam = HTZ9T23CS7;
						ProvisioningStyle = Automatic;
					};
					E95D7CBE1F3183270031700A = {
						CreatedOnToolsVersion = 8.3.3;
						DevelopmentTeam = HTZ9T23CS7;
						ProvisioningStyle = Automatic;
						TestTargetID = E95D7CA71F3183270031700A;
					};
					E95D7CC91F3183270031700A = {
						CreatedOnToolsVersion = 8.3.3;
						DevelopmentTeam = HTZ9T23CS7;
						ProvisioningStyle = Automatic;
						TestTargetID = E95D7CA71F3183270031700A;
					};
				};
			};
			buildConfigurationList = E95D7CA31F3183270031700A /* Build configuration list for PBXProject "TravelerDemoApp" */;
			compatibilityVersion = "Xcode 3.2";
			developmentRegion = English;
			hasScannedForEncodings = 0;
			knownRegions = (
				en,
				Base,
			);
			mainGroup = E95D7C9F1F3183270031700A;
			productRefGroup = E95D7CA91F3183270031700A /* Products */;
			projectDirPath = "";
			projectRoot = "";
			targets = (
				E95D7CA71F3183270031700A /* TravelerDemoApp */,
				E95D7CBE1F3183270031700A /* TravelerDemoAppTests */,
				E95D7CC91F3183270031700A /* TravelerDemoAppUITests */,
			);
		};
/* End PBXProject section */

/* Begin PBXResourcesBuildPhase section */
		E95D7CA61F3183270031700A /* Resources */ = {
			isa = PBXResourcesBuildPhase;
			buildActionMask = 2147483647;
			files = (
				E95D7CB91F3183270031700A /* LaunchScreen.storyboard in Resources */,
				E95D7CB61F3183270031700A /* Assets.xcassets in Resources */,
				E95D7CB11F3183270031700A /* Main.storyboard in Resources */,
			);
			runOnlyForDeploymentPostprocessing = 0;
		};
		E95D7CBD1F3183270031700A /* Resources */ = {
			isa = PBXResourcesBuildPhase;
			buildActionMask = 2147483647;
			files = (
			);
			runOnlyForDeploymentPostprocessing = 0;
		};
		E95D7CC81F3183270031700A /* Resources */ = {
			isa = PBXResourcesBuildPhase;
			buildActionMask = 2147483647;
			files = (
			);
			runOnlyForDeploymentPostprocessing = 0;
		};
/* End PBXResourcesBuildPhase section */

/* Begin PBXShellScriptBuildPhase section */
		24AB99E6964F15ED43BF17C4 /* [CP] Check Pods Manifest.lock */ = {
			isa = PBXShellScriptBuildPhase;
			buildActionMask = 2147483647;
			files = (
			);
			inputPaths = (
			);
			name = "[CP] Check Pods Manifest.lock";
			outputPaths = (
			);
			runOnlyForDeploymentPostprocessing = 0;
			shellPath = /bin/sh;
			shellScript = "diff \"${PODS_PODFILE_DIR_PATH}/Podfile.lock\" \"${PODS_ROOT}/Manifest.lock\" > /dev/null\nif [ $? != 0 ] ; then\n    # print error to STDERR\n    echo \"error: The sandbox is not in sync with the Podfile.lock. Run 'pod install' or update your CocoaPods installation.\" >&2\n    exit 1\nfi\n";
			showEnvVarsInLog = 0;
		};
		56A1B4B23BC2CC25DC75DA38 /* [CP] Copy Pods Resources */ = {
			isa = PBXShellScriptBuildPhase;
			buildActionMask = 2147483647;
			files = (
			);
			inputPaths = (
			);
			name = "[CP] Copy Pods Resources";
			outputPaths = (
			);
			runOnlyForDeploymentPostprocessing = 0;
			shellPath = /bin/sh;
			shellScript = "\"${SRCROOT}/Pods/Target Support Files/Pods-TravelerDemoAppUITests/Pods-TravelerDemoAppUITests-resources.sh\"\n";
			showEnvVarsInLog = 0;
		};
		5DDB2E3E9A0EA7EB70677229 /* [CP] Embed Pods Frameworks */ = {
			isa = PBXShellScriptBuildPhase;
			buildActionMask = 2147483647;
			files = (
			);
			inputPaths = (
			);
			name = "[CP] Embed Pods Frameworks";
			outputPaths = (
			);
			runOnlyForDeploymentPostprocessing = 0;
			shellPath = /bin/sh;
			shellScript = "\"${SRCROOT}/Pods/Target Support Files/Pods-TravelerDemoApp/Pods-TravelerDemoApp-frameworks.sh\"\n";
			showEnvVarsInLog = 0;
		};
		C134240A407E647C55C50916 /* [CP] Embed Pods Frameworks */ = {
			isa = PBXShellScriptBuildPhase;
			buildActionMask = 2147483647;
			files = (
			);
			inputPaths = (
			);
			name = "[CP] Embed Pods Frameworks";
			outputPaths = (
			);
			runOnlyForDeploymentPostprocessing = 0;
			shellPath = /bin/sh;
			shellScript = "\"${SRCROOT}/Pods/Target Support Files/Pods-TravelerDemoAppUITests/Pods-TravelerDemoAppUITests-frameworks.sh\"\n";
			showEnvVarsInLog = 0;
		};
		C98414CACBF5CBDD9A3659A6 /* [CP] Check Pods Manifest.lock */ = {
			isa = PBXShellScriptBuildPhase;
			buildActionMask = 2147483647;
			files = (
			);
			inputPaths = (
			);
			name = "[CP] Check Pods Manifest.lock";
			outputPaths = (
			);
			runOnlyForDeploymentPostprocessing = 0;
			shellPath = /bin/sh;
			shellScript = "diff \"${PODS_PODFILE_DIR_PATH}/Podfile.lock\" \"${PODS_ROOT}/Manifest.lock\" > /dev/null\nif [ $? != 0 ] ; then\n    # print error to STDERR\n    echo \"error: The sandbox is not in sync with the Podfile.lock. Run 'pod install' or update your CocoaPods installation.\" >&2\n    exit 1\nfi\n";
			showEnvVarsInLog = 0;
		};
		D51D7BD29917399C0CA40BF0 /* [CP] Check Pods Manifest.lock */ = {
			isa = PBXShellScriptBuildPhase;
			buildActionMask = 2147483647;
			files = (
			);
			inputPaths = (
			);
			name = "[CP] Check Pods Manifest.lock";
			outputPaths = (
			);
			runOnlyForDeploymentPostprocessing = 0;
			shellPath = /bin/sh;
			shellScript = "diff \"${PODS_PODFILE_DIR_PATH}/Podfile.lock\" \"${PODS_ROOT}/Manifest.lock\" > /dev/null\nif [ $? != 0 ] ; then\n    # print error to STDERR\n    echo \"error: The sandbox is not in sync with the Podfile.lock. Run 'pod install' or update your CocoaPods installation.\" >&2\n    exit 1\nfi\n";
			showEnvVarsInLog = 0;
		};
		DCB049B7ECB13B22A32F075D /* [CP] Embed Pods Frameworks */ = {
			isa = PBXShellScriptBuildPhase;
			buildActionMask = 2147483647;
			files = (
			);
			inputPaths = (
			);
			name = "[CP] Embed Pods Frameworks";
			outputPaths = (
			);
			runOnlyForDeploymentPostprocessing = 0;
			shellPath = /bin/sh;
			shellScript = "\"${SRCROOT}/Pods/Target Support Files/Pods-TravelerDemoAppTests/Pods-TravelerDemoAppTests-frameworks.sh\"\n";
			showEnvVarsInLog = 0;
		};
		E5DA7CE118D999273196D3BE /* [CP] Copy Pods Resources */ = {
			isa = PBXShellScriptBuildPhase;
			buildActionMask = 2147483647;
			files = (
			);
			inputPaths = (
			);
			name = "[CP] Copy Pods Resources";
			outputPaths = (
			);
			runOnlyForDeploymentPostprocessing = 0;
			shellPath = /bin/sh;
			shellScript = "\"${SRCROOT}/Pods/Target Support Files/Pods-TravelerDemoApp/Pods-TravelerDemoApp-resources.sh\"\n";
			showEnvVarsInLog = 0;
		};
		F2B88E5F7DC0C57F747B2193 /* [CP] Copy Pods Resources */ = {
			isa = PBXShellScriptBuildPhase;
			buildActionMask = 2147483647;
			files = (
			);
			inputPaths = (
			);
			name = "[CP] Copy Pods Resources";
			outputPaths = (
			);
			runOnlyForDeploymentPostprocessing = 0;
			shellPath = /bin/sh;
			shellScript = "\"${SRCROOT}/Pods/Target Support Files/Pods-TravelerDemoAppTests/Pods-TravelerDemoAppTests-resources.sh\"\n";
			showEnvVarsInLog = 0;
		};
/* End PBXShellScriptBuildPhase section */

/* Begin PBXSourcesBuildPhase section */
		E95D7CA41F3183270031700A /* Sources */ = {
			isa = PBXSourcesBuildPhase;
			buildActionMask = 2147483647;
			files = (
				E95D7CDD1F3184020031700A /* NavBarView.swift in Sources */,
				E95D7CAC1F3183270031700A /* AppDelegate.swift in Sources */,
				E9194EFD1F3246ED000321CC /* Resources.swift in Sources */,
				E95D7CB41F3183270031700A /* TravelerDemoApp.xcdatamodeld in Sources */,
				E9194EFF1F326957000321CC /* CityModel.swift in Sources */,
				E95D7CDF1F3188810031700A /* UIExtensions.swift in Sources */,
				E95D7CE11F318A7C0031700A /* CityCollectionViewController.swift in Sources */,
				E95D7CE31F318AC40031700A /* CityViewCell.swift in Sources */,
			);
			runOnlyForDeploymentPostprocessing = 0;
		};
		E95D7CBB1F3183270031700A /* Sources */ = {
			isa = PBXSourcesBuildPhase;
			buildActionMask = 2147483647;
			files = (
				E95D7CC41F3183270031700A /* TravelerDemoAppTests.swift in Sources */,
			);
			runOnlyForDeploymentPostprocessing = 0;
		};
		E95D7CC61F3183270031700A /* Sources */ = {
			isa = PBXSourcesBuildPhase;
			buildActionMask = 2147483647;
			files = (
				E95D7CCF1F3183270031700A /* TravelerDemoAppUITests.swift in Sources */,
			);
			runOnlyForDeploymentPostprocessing = 0;
		};
/* End PBXSourcesBuildPhase section */

/* Begin PBXTargetDependency section */
		E95D7CC11F3183270031700A /* PBXTargetDependency */ = {
			isa = PBXTargetDependency;
			target = E95D7CA71F3183270031700A /* TravelerDemoApp */;
			targetProxy = E95D7CC01F3183270031700A /* PBXContainerItemProxy */;
		};
		E95D7CCC1F3183270031700A /* PBXTargetDependency */ = {
			isa = PBXTargetDependency;
			target = E95D7CA71F3183270031700A /* TravelerDemoApp */;
			targetProxy = E95D7CCB1F3183270031700A /* PBXContainerItemProxy */;
		};
/* End PBXTargetDependency section */

/* Begin PBXVariantGroup section */
		E95D7CAF1F3183270031700A /* Main.storyboard */ = {
			isa = PBXVariantGroup;
			children = (
				E95D7CB01F3183270031700A /* Base */,
			);
			name = Main.storyboard;
			sourceTree = "<group>";
		};
		E95D7CB71F3183270031700A /* LaunchScreen.storyboard */ = {
			isa = PBXVariantGroup;
			children = (
				E95D7CB81F3183270031700A /* Base */,
			);
			name = LaunchScreen.storyboard;
			sourceTree = "<group>";
		};
/* End PBXVariantGroup section */

/* Begin XCBuildConfiguration section */
		E95D7CD11F3183270031700A /* Debug */ = {
			isa = XCBuildConfiguration;
			buildSettings = {
				ALWAYS_SEARCH_USER_PATHS = NO;
				CLANG_ANALYZER_NONNULL = YES;
				CLANG_ANALYZER_NUMBER_OBJECT_CONVERSION = YES_AGGRESSIVE;
				CLANG_CXX_LANGUAGE_STANDARD = "gnu++0x";
				CLANG_CXX_LIBRARY = "libc++";
				CLANG_ENABLE_MODULES = YES;
				CLANG_ENABLE_OBJC_ARC = YES;
				CLANG_WARN_BOOL_CONVERSION = YES;
				CLANG_WARN_CONSTANT_CONVERSION = YES;
				CLANG_WARN_DIRECT_OBJC_ISA_USAGE = YES_ERROR;
				CLANG_WARN_DOCUMENTATION_COMMENTS = YES;
				CLANG_WARN_EMPTY_BODY = YES;
				CLANG_WARN_ENUM_CONVERSION = YES;
				CLANG_WARN_INFINITE_RECURSION = YES;
				CLANG_WARN_INT_CONVERSION = YES;
				CLANG_WARN_OBJC_ROOT_CLASS = YES_ERROR;
				CLANG_WARN_SUSPICIOUS_MOVE = YES;
				CLANG_WARN_UNREACHABLE_CODE = YES;
				CLANG_WARN__DUPLICATE_METHOD_MATCH = YES;
				"CODE_SIGN_IDENTITY[sdk=iphoneos*]" = "iPhone Developer";
				COPY_PHASE_STRIP = NO;
				DEBUG_INFORMATION_FORMAT = dwarf;
				ENABLE_STRICT_OBJC_MSGSEND = YES;
				ENABLE_TESTABILITY = YES;
				GCC_C_LANGUAGE_STANDARD = gnu99;
				GCC_DYNAMIC_NO_PIC = NO;
				GCC_NO_COMMON_BLOCKS = YES;
				GCC_OPTIMIZATION_LEVEL = 0;
				GCC_PREPROCESSOR_DEFINITIONS = (
					"DEBUG=1",
					"$(inherited)",
				);
				GCC_WARN_64_TO_32_BIT_CONVERSION = YES;
				GCC_WARN_ABOUT_RETURN_TYPE = YES_ERROR;
				GCC_WARN_UNDECLARED_SELECTOR = YES;
				GCC_WARN_UNINITIALIZED_AUTOS = YES_AGGRESSIVE;
				GCC_WARN_UNUSED_FUNCTION = YES;
				GCC_WARN_UNUSED_VARIABLE = YES;
				IPHONEOS_DEPLOYMENT_TARGET = 10.3;
				MTL_ENABLE_DEBUG_INFO = YES;
				ONLY_ACTIVE_ARCH = YES;
				SDKROOT = iphoneos;
				SWIFT_ACTIVE_COMPILATION_CONDITIONS = DEBUG;
				SWIFT_OPTIMIZATION_LEVEL = "-Onone";
				TARGETED_DEVICE_FAMILY = "1,2";
			};
			name = Debug;
		};
		E95D7CD21F3183270031700A /* Release */ = {
			isa = XCBuildConfiguration;
			buildSettings = {
				ALWAYS_SEARCH_USER_PATHS = NO;
				CLANG_ANALYZER_NONNULL = YES;
				CLANG_ANALYZER_NUMBER_OBJECT_CONVERSION = YES_AGGRESSIVE;
				CLANG_CXX_LANGUAGE_STANDARD = "gnu++0x";
				CLANG_CXX_LIBRARY = "libc++";
				CLANG_ENABLE_MODULES = YES;
				CLANG_ENABLE_OBJC_ARC = YES;
				CLANG_WARN_BOOL_CONVERSION = YES;
				CLANG_WARN_CONSTANT_CONVERSION = YES;
				CLANG_WARN_DIRECT_OBJC_ISA_USAGE = YES_ERROR;
				CLANG_WARN_DOCUMENTATION_COMMENTS = YES;
				CLANG_WARN_EMPTY_BODY = YES;
				CLANG_WARN_ENUM_CONVERSION = YES;
				CLANG_WARN_INFINITE_RECURSION = YES;
				CLANG_WARN_INT_CONVERSION = YES;
				CLANG_WARN_OBJC_ROOT_CLASS = YES_ERROR;
				CLANG_WARN_SUSPICIOUS_MOVE = YES;
				CLANG_WARN_UNREACHABLE_CODE = YES;
				CLANG_WARN__DUPLICATE_METHOD_MATCH = YES;
				"CODE_SIGN_IDENTITY[sdk=iphoneos*]" = "iPhone Developer";
				COPY_PHASE_STRIP = NO;
				DEBUG_INFORMATION_FORMAT = "dwarf-with-dsym";
				ENABLE_NS_ASSERTIONS = NO;
				ENABLE_STRICT_OBJC_MSGSEND = YES;
				GCC_C_LANGUAGE_STANDARD = gnu99;
				GCC_NO_COMMON_BLOCKS = YES;
				GCC_WARN_64_TO_32_BIT_CONVERSION = YES;
				GCC_WARN_ABOUT_RETURN_TYPE = YES_ERROR;
				GCC_WARN_UNDECLARED_SELECTOR = YES;
				GCC_WARN_UNINITIALIZED_AUTOS = YES_AGGRESSIVE;
				GCC_WARN_UNUSED_FUNCTION = YES;
				GCC_WARN_UNUSED_VARIABLE = YES;
				IPHONEOS_DEPLOYMENT_TARGET = 10.3;
				MTL_ENABLE_DEBUG_INFO = NO;
				SDKROOT = iphoneos;
				SWIFT_OPTIMIZATION_LEVEL = "-Owholemodule";
				TARGETED_DEVICE_FAMILY = "1,2";
				VALIDATE_PRODUCT = YES;
			};
			name = Release;
		};
		E95D7CD41F3183270031700A /* Debug */ = {
			isa = XCBuildConfiguration;
			baseConfigurationReference = E7F8D81E1F7E13FF187FE9E4 /* Pods-TravelerDemoApp.debug.xcconfig */;
			buildSettings = {
				ASSETCATALOG_COMPILER_APPICON_NAME = AppIcon;
				DEVELOPMENT_TEAM = HTZ9T23CS7;
				INFOPLIST_FILE = TravelerDemoApp/Info.plist;
				LD_RUNPATH_SEARCH_PATHS = "$(inherited) @executable_path/Frameworks";
				PRODUCT_BUNDLE_IDENTIFIER = "Demo-1.TravelerDemoApp";
				PRODUCT_NAME = "$(TARGET_NAME)";
				SWIFT_VERSION = 3.0;
			};
			name = Debug;
		};
		E95D7CD51F3183270031700A /* Release */ = {
			isa = XCBuildConfiguration;
			baseConfigurationReference = ADD1468E8B50B6636C64CCAF /* Pods-TravelerDemoApp.release.xcconfig */;
			buildSettings = {
				ASSETCATALOG_COMPILER_APPICON_NAME = AppIcon;
				DEVELOPMENT_TEAM = HTZ9T23CS7;
				INFOPLIST_FILE = TravelerDemoApp/Info.plist;
				LD_RUNPATH_SEARCH_PATHS = "$(inherited) @executable_path/Frameworks";
				PRODUCT_BUNDLE_IDENTIFIER = "Demo-1.TravelerDemoApp";
				PRODUCT_NAME = "$(TARGET_NAME)";
				SWIFT_VERSION = 3.0;
			};
			name = Release;
		};
		E95D7CD71F3183270031700A /* Debug */ = {
			isa = XCBuildConfiguration;
			baseConfigurationReference = 99E115D98BCF5250AB546CD9 /* Pods-TravelerDemoAppTests.debug.xcconfig */;
			buildSettings = {
				ALWAYS_EMBED_SWIFT_STANDARD_LIBRARIES = YES;
				BUNDLE_LOADER = "$(TEST_HOST)";
				DEVELOPMENT_TEAM = HTZ9T23CS7;
				INFOPLIST_FILE = TravelerDemoAppTests/Info.plist;
				LD_RUNPATH_SEARCH_PATHS = "$(inherited) @executable_path/Frameworks @loader_path/Frameworks";
				PRODUCT_BUNDLE_IDENTIFIER = "Demo-1.TravelerDemoAppTests";
				PRODUCT_NAME = "$(TARGET_NAME)";
				SWIFT_VERSION = 3.0;
				TEST_HOST = "$(BUILT_PRODUCTS_DIR)/TravelerDemoApp.app/TravelerDemoApp";
			};
			name = Debug;
		};
		E95D7CD81F3183270031700A /* Release */ = {
			isa = XCBuildConfiguration;
			baseConfigurationReference = 3B39D2D35806F9ED9E1005C4 /* Pods-TravelerDemoAppTests.release.xcconfig */;
			buildSettings = {
				ALWAYS_EMBED_SWIFT_STANDARD_LIBRARIES = YES;
				BUNDLE_LOADER = "$(TEST_HOST)";
				DEVELOPMENT_TEAM = HTZ9T23CS7;
				INFOPLIST_FILE = TravelerDemoAppTests/Info.plist;
				LD_RUNPATH_SEARCH_PATHS = "$(inherited) @executable_path/Frameworks @loader_path/Frameworks";
				PRODUCT_BUNDLE_IDENTIFIER = "Demo-1.TravelerDemoAppTests";
				PRODUCT_NAME = "$(TARGET_NAME)";
				SWIFT_VERSION = 3.0;
				TEST_HOST = "$(BUILT_PRODUCTS_DIR)/TravelerDemoApp.app/TravelerDemoApp";
			};
			name = Release;
		};
		E95D7CDA1F3183270031700A /* Debug */ = {
			isa = XCBuildConfiguration;
			baseConfigurationReference = 05C52AF9A307929C733A8FE0 /* Pods-TravelerDemoAppUITests.debug.xcconfig */;
			buildSettings = {
				ALWAYS_EMBED_SWIFT_STANDARD_LIBRARIES = YES;
				DEVELOPMENT_TEAM = HTZ9T23CS7;
				INFOPLIST_FILE = TravelerDemoAppUITests/Info.plist;
				LD_RUNPATH_SEARCH_PATHS = "$(inherited) @executable_path/Frameworks @loader_path/Frameworks";
				PRODUCT_BUNDLE_IDENTIFIER = "Demo-1.TravelerDemoAppUITests";
				PRODUCT_NAME = "$(TARGET_NAME)";
				SWIFT_VERSION = 3.0;
				TEST_TARGET_NAME = TravelerDemoApp;
			};
			name = Debug;
		};
		E95D7CDB1F3183270031700A /* Release */ = {
			isa = XCBuildConfiguration;
			baseConfigurationReference = 708F22E7477FD1A408E7D620 /* Pods-TravelerDemoAppUITests.release.xcconfig */;
			buildSettings = {
				ALWAYS_EMBED_SWIFT_STANDARD_LIBRARIES = YES;
				DEVELOPMENT_TEAM = HTZ9T23CS7;
				INFOPLIST_FILE = TravelerDemoAppUITests/Info.plist;
				LD_RUNPATH_SEARCH_PATHS = "$(inherited) @executable_path/Frameworks @loader_path/Frameworks";
				PRODUCT_BUNDLE_IDENTIFIER = "Demo-1.TravelerDemoAppUITests";
				PRODUCT_NAME = "$(TARGET_NAME)";
				SWIFT_VERSION = 3.0;
				TEST_TARGET_NAME = TravelerDemoApp;
			};
			name = Release;
		};
/* End XCBuildConfiguration section */

/* Begin XCConfigurationList section */
		E95D7CA31F3183270031700A /* Build configuration list for PBXProject "TravelerDemoApp" */ = {
			isa = XCConfigurationList;
			buildConfigurations = (
				E95D7CD11F3183270031700A /* Debug */,
				E95D7CD21F3183270031700A /* Release */,
			);
			defaultConfigurationIsVisible = 0;
			defaultConfigurationName = Release;
		};
		E95D7CD31F3183270031700A /* Build configuration list for PBXNativeTarget "TravelerDemoApp" */ = {
			isa = XCConfigurationList;
			buildConfigurations = (
				E95D7CD41F3183270031700A /* Debug */,
				E95D7CD51F3183270031700A /* Release */,
			);
			defaultConfigurationIsVisible = 0;
			defaultConfigurationName = Release;
		};
		E95D7CD61F3183270031700A /* Build configuration list for PBXNativeTarget "TravelerDemoAppTests" */ = {
			isa = XCConfigurationList;
			buildConfigurations = (
				E95D7CD71F3183270031700A /* Debug */,
				E95D7CD81F3183270031700A /* Release */,
			);
			defaultConfigurationIsVisible = 0;
			defaultConfigurationName = Release;
		};
		E95D7CD91F3183270031700A /* Build configuration list for PBXNativeTarget "TravelerDemoAppUITests" */ = {
			isa = XCConfigurationList;
			buildConfigurations = (
				E95D7CDA1F3183270031700A /* Debug */,
				E95D7CDB1F3183270031700A /* Release */,
			);
			defaultConfigurationIsVisible = 0;
			defaultConfigurationName = Release;
		};
/* End XCConfigurationList section */

/* Begin XCVersionGroup section */
		E95D7CB21F3183270031700A /* TravelerDemoApp.xcdatamodeld */ = {
			isa = XCVersionGroup;
			children = (
				E95D7CB31F3183270031700A /* TravelerDemoApp.xcdatamodel */,
			);
			currentVersion = E95D7CB31F3183270031700A /* TravelerDemoApp.xcdatamodel */;
			path = TravelerDemoApp.xcdatamodeld;
			sourceTree = "<group>";
			versionGroupType = wrapper.xcdatamodel;
		};
/* End XCVersionGroup section */
	};
	rootObject = E95D7CA01F3183270031700A /* Project object */;
}
